
Microsoft Visual Studio Solution File, Format Version 12.00
# Visual Studio Version 17
VisualStudioVersion = 17.10.35013.160
MinimumVisualStudioVersion = 10.0.40219.1
Project("{9A19103F-16F7-4668-BE54-9A1E7A4F7556}") = "Library.API", "Library.API\Library.API.csproj", "{817E89E3-4E57-4009-87B2-018E35BF8EFB}"
EndProject
Project("{9A19103F-16F7-4668-BE54-9A1E7A4F7556}") = "Library.Domain", "Library.Domain\Library.Domain.csproj", "{25B2F041-304D-49D4-BC7D-77A1A744AD5F}"
EndProject
Project("{9A19103F-16F7-4668-BE54-9A1E7A4F7556}") = "Library.DataAccess", "Library.DataAccess\Library.DataAccess.csproj", "{FDEE32A6-CC0E-48A1-B440-42A75766BCD1}"
EndProject
Project("{9A19103F-16F7-4668-BE54-9A1E7A4F7556}") = "Library.Application", "Library.Application\Library.Application.csproj", "{E174CF8E-BC03-43C0-A9AB-D86E8C57DE8E}"
EndProject
Global
	GlobalSection(SolutionConfigurationPlatforms) = preSolution
		Debug|Any CPU = Debug|Any CPU
		Release|Any CPU = Release|Any CPU
	EndGlobalSection
	GlobalSection(ProjectConfigurationPlatforms) = postSolution
		{817E89E3-4E57-4009-87B2-018E35BF8EFB}.Debug|Any CPU.ActiveCfg = Debug|Any CPU
		{817E89E3-4E57-4009-87B2-018E35BF8EFB}.Debug|Any CPU.Build.0 = Debug|Any CPU
		{817E89E3-4E57-4009-87B2-018E35BF8EFB}.Release|Any CPU.ActiveCfg = Release|Any CPU
		{817E89E3-4E57-4009-87B2-018E35BF8EFB}.Release|Any CPU.Build.0 = Release|Any CPU
		{25B2F041-304D-49D4-BC7D-77A1A744AD5F}.Debug|Any CPU.ActiveCfg = Debug|Any CPU
		{25B2F041-304D-49D4-BC7D-77A1A744AD5F}.Debug|Any CPU.Build.0 = Debug|Any CPU
		{25B2F041-304D-49D4-BC7D-77A1A744AD5F}.Release|Any CPU.ActiveCfg = Release|Any CPU
		{25B2F041-304D-49D4-BC7D-77A1A744AD5F}.Release|Any CPU.Build.0 = Release|Any CPU
		{FDEE32A6-CC0E-48A1-B440-42A75766BCD1}.Debug|Any CPU.ActiveCfg = Debug|Any CPU
		{FDEE32A6-CC0E-48A1-B440-42A75766BCD1}.Debug|Any CPU.Build.0 = Debug|Any CPU
		{FDEE32A6-CC0E-48A1-B440-42A75766BCD1}.Release|Any CPU.ActiveCfg = Release|Any CPU
		{FDEE32A6-CC0E-48A1-B440-42A75766BCD1}.Release|Any CPU.Build.0 = Release|Any CPU
		{E174CF8E-BC03-43C0-A9AB-D86E8C57DE8E}.Debug|Any CPU.ActiveCfg = Debug|Any CPU
		{E174CF8E-BC03-43C0-A9AB-D86E8C57DE8E}.Debug|Any CPU.Build.0 = Debug|Any CPU
		{E174CF8E-BC03-43C0-A9AB-D86E8C57DE8E}.Release|Any CPU.ActiveCfg = Release|Any CPU
		{E174CF8E-BC03-43C0-A9AB-D86E8C57DE8E}.Release|Any CPU.Build.0 = Release|Any CPU
	EndGlobalSection
	GlobalSection(SolutionProperties) = preSolution
		HideSolutionNode = FALSE
	EndGlobalSection
	GlobalSection(ExtensibilityGlobals) = postSolution
		SolutionGuid = {764192D2-9DC4-4394-A27C-D6F32D3EE0C6}
	EndGlobalSection
EndGlobal
